{
  "version": 4,
  "terraform_version": "1.15.4",
  "serial": 8,
  "lineage": "1542e588-07ef-ec10-6641-d67ad08924c4",
  "outputs": {
    "app_url": {
      "value": "http://100.27.220.119:8000",
      "type": "string"
    },
    "server_ip": {
      "value": "100.27.220.119",
      "type": "string"
    }
  },
  "resources": [
    {
      "mode": "managed",
      "type": "aws_instance",
      "name": "mlops_server",
      "provider": "provider[\"registry.terraform.io/hashicorp/aws\"]",
      "instances": [
        {
          "schema_version": 2,
          "attributes": {
            "ami": "ami-0c02fb55956c7d316",
            "arn": "arn:aws:ec2:us-east-1:025066284206:instance/i-087cae964139a2fc9",
            "associate_public_ip_address": true,
            "availability_zone": "us-east-1c",
            "capacity_reservation_specification": [
              {
                "capacity_reservation_preference": "open",
                "capacity_reservation_target": []
              }
            ],
            "cpu_options": [
              {
                "amd_sev_snp": "",
                "core_count": 1,
                "nested_virtualization": "",
                "threads_per_core": 1
              }
            ],
            "credit_specification": [
              {
                "cpu_credits": "standard"
              }
            ],
            "disable_api_stop": false,
            "disable_api_termination": false,
            "ebs_block_device": [],
            "ebs_optimized": false,
            "enable_primary_ipv6": null,
            "enclave_options": [
              {
                "enabled": false
              }
            ],
            "ephemeral_block_device": [],
            "force_destroy": false,
            "get_password_data": false,
            "hibernation": false,
            "host_id": "",
            "host_resource_group_arn": null,
            "iam_instance_profile": "",
            "id": "i-087cae964139a2fc9",
            "instance_initiated_shutdown_behavior": "stop",
            "instance_lifecycle": "",
            "instance_market_options": [],
            "instance_state": "running",
            "instance_type": "t2.micro",
            "ipv6_address_count": 0,
            "ipv6_addresses": [],
            "key_name": "mlops-key",
            "launch_template": [],
            "maintenance_options": [
              {
                "auto_recovery": "default"
              }
            ],
            "metadata_options": [
              {
                "http_endpoint": "enabled",
                "http_protocol_ipv6": "disabled",
                "http_put_response_hop_limit": 1,
                "http_tokens": "optional",
                "instance_metadata_tags": "disabled"
              }
            ],
            "monitoring": false,
            "network_interface": [],
            "outpost_arn": "",
            "password_data": "",
            "placement_group": "",
            "placement_group_id": "",
            "placement_partition_number": 0,
            "primary_network_interface": [
              {
                "delete_on_termination": true,
                "network_interface_id": "eni-07613e141ed8e04ad"
              }
            ],
            "primary_network_interface_id": "eni-07613e141ed8e04ad",
            "private_dns": "ip-172-31-30-180.ec2.internal",
            "private_dns_name_options": [
              {
                "enable_resource_name_dns_a_record": false,
                "enable_resource_name_dns_aaaa_record": false,
                "hostname_type": "ip-name"
              }
            ],
            "private_ip": "172.31.30.180",
            "public_dns": "ec2-100-27-220-119.compute-1.amazonaws.com",
            "public_ip": "100.27.220.119",
            "region": "us-east-1",
            "root_block_device": [
              {
                "delete_on_termination": true,
                "device_name": "/dev/xvda",
                "encrypted": false,
                "iops": 100,
                "kms_key_id": "",
                "tags": {},
                "tags_all": {},
                "throughput": 0,
                "volume_id": "vol-01157199578d59d0c",
                "volume_size": 8,
                "volume_type": "gp2"
              }
            ],
            "secondary_network_interface": [],
            "secondary_private_ips": [],
            "security_groups": [
              "mlops-sg"
            ],
            "source_dest_check": true,
            "spot_instance_request_id": "",
            "subnet_id": "subnet-05939ead016c5baa6",
            "tags": {
              "Name": "mlops-pipeline-server",
              "Project": "mlops-pipeline"
            },
            "tags_all": {
              "Name": "mlops-pipeline-server",
              "Project": "mlops-pipeline"
            },
            "tenancy": "default",
            "timeouts": null,
            "user_data": "#!/bin/bash\nyum update -y\nyum install -y docker\nsystemctl start docker\nsystemctl enable docker\nusermod -aG docker ec2-user\n",
            "user_data_base64": null,
            "user_data_replace_on_change": false,
            "volume_tags": null,
            "vpc_security_group_ids": [
              "sg-0daabea499c65e345"
            ]
          },
          "sensitive_attributes": [],
          "identity_schema_version": 0,
          "identity": {
            "account_id": "025066284206",
            "id": "i-087cae964139a2fc9",
            "region": "us-east-1"
          },
          "private": "eyJlMmJmYjczMC1lY2FhLTExZTYtOGY4OC0zNDM2M2JjN2M0YzAiOnsiY3JlYXRlIjo2MDAwMDAwMDAwMDAsImRlbGV0ZSI6MTIwMDAwMDAwMDAwMCwicmVhZCI6OTAwMDAwMDAwMDAwLCJ1cGRhdGUiOjYwMDAwMDAwMDAwMH0sInNjaGVtYV92ZXJzaW9uIjoiMiJ9",
          "dependencies": [
            "aws_key_pair.mlops_key",
            "aws_security_group.mlops_sg"
          ]
        }
      ]
    },
    {
      "mode": "managed",
      "type": "aws_key_pair",
      "name": "mlops_key",
      "provider": "provider[\"registry.terraform.io/hashicorp/aws\"]",
      "instances": [
        {
          "schema_version": 1,
          "attributes": {
            "arn": "arn:aws:ec2:us-east-1:025066284206:key-pair/mlops-key",
            "fingerprint": "96:a8:d0:40:7d:39:d2:4f:68:7b:0c:fa:ab:0a:06:c8",
            "id": "mlops-key",
            "key_name": "mlops-key",
            "key_name_prefix": "",
            "key_pair_id": "key-0d3c96d20948102e6",
            "key_type": "rsa",
            "public_key": "ssh-rsa AAAAB3NzaC1yc2EAAAADAQABAAACAQDaqKsiR4e7sY/SEbGOpk/d/hFfEpJ4BdZv7LT21GegV1ElG5B8ZC4T1bCzumxCJQbDiyWQ2fLLhFTKBGOHpN8clmyaCAh+h0kfPeJ+WqMgvt1p9+/eIjie3TQHqST+Vx3X51yTPvoJyWq30oSrnAHdq8tw4akgUzNEpCXVR/FLxw9QXIpUGGfy319R93AV/r6ZtynrL8uBogxvmFRRlWdSZeQmmgxYSBKB64PzkXF7eAyTEkGhmPD1zAnL3R1zlVlfWKlr+gxZ2l7XZWHrh2XB0lMF6eB4Yza6jCzmjsL2pvMJ9Iq06ZdhujHlMLG0PkRVGFsYwemLnpKdTTuhgMwVq+4a/Xc87U7IW9ua5pKFk9rdOlXIWYNfA/dQpSyRW9gQBKNRbQEwt6SUaEZytU3Ud7sa15mHUW4omG/N50FuUTCxLOW2wrs6ct5AKYzat5YJD+JZLpxdqv657SLlxmbkSU/hTHOLKmNQDgPhmJhqvbxRjI5HseCuBWXZeEo2CnQM34iObQfVieJwqHcuZ3OvG+wLDGs9AqboQP/PpHeSOehmo9gm/PauznPnDSG3ie3kFDSL3jEqtoFQVZLjxs0bvFFwtAUvVsjFoOydlUHVjIrToysdawtsJwMmtur2kbHgKSAxWLQBx+tyoTxSMsXWJX/mq3IqC+poRG4tJ6Ha4Q== user@user-HP-ProBook-430-G8-Notebook-PC",
            "region": "us-east-1",
            "tags": null,
            "tags_all": {}
          },
          "sensitive_attributes": [],
          "identity_schema_version": 0,
          "private": "eyJzY2hlbWFfdmVyc2lvbiI6IjEifQ=="
        }
      ]
    },
    {
      "mode": "managed",
      "type": "aws_security_group",
      "name": "mlops_sg",
      "provider": "provider[\"registry.terraform.io/hashicorp/aws\"]",
      "instances": [
        {
          "schema_version": 1,
          "attributes": {
            "arn": "arn:aws:ec2:us-east-1:025066284206:security-group/sg-0daabea499c65e345",
            "description": "Allow SSH and app traffic",
            "egress": [
              {
                "cidr_blocks": [
                  "0.0.0.0/0"
                ],
                "description": "",
                "from_port": 0,
                "ipv6_cidr_blocks": [],
                "prefix_list_ids": [],
                "protocol": "-1",
                "security_groups": [],
                "self": false,
                "to_port": 0
              }
            ],
            "id": "sg-0daabea499c65e345",
            "ingress": [
              {
                "cidr_blocks": [
                  "0.0.0.0/0"
                ],
                "description": "",
                "from_port": 22,
                "ipv6_cidr_blocks": [],
                "prefix_list_ids": [],
                "protocol": "tcp",
                "security_groups": [],
                "self": false,
                "to_port": 22
              },
              {
                "cidr_blocks": [
                  "0.0.0.0/0"
                ],
                "description": "",
                "from_port": 8000,
                "ipv6_cidr_blocks": [],
                "prefix_list_ids": [],
                "protocol": "tcp",
                "security_groups": [],
                "self": false,
                "to_port": 8000
              }
            ],
            "name": "mlops-sg",
            "name_prefix": "",
            "owner_id": "025066284206",
            "region": "us-east-1",
            "revoke_rules_on_delete": false,
            "tags": null,
            "tags_all": {},
            "timeouts": null,
            "vpc_id": "vpc-0cf807313cb33f0a8"
          },
          "sensitive_attributes": [],
          "identity_schema_version": 0,
          "identity": {
            "account_id": "025066284206",
            "id": "sg-0daabea499c65e345",
            "region": "us-east-1"
          },
          "private": "eyJlMmJmYjczMC1lY2FhLTExZTYtOGY4OC0zNDM2M2JjN2M0YzAiOnsiY3JlYXRlIjo2MDAwMDAwMDAwMDAsImRlbGV0ZSI6OTAwMDAwMDAwMDAwfSwic2NoZW1hX3ZlcnNpb24iOiIxIn0="
        }
      ]
    }
  ],
  "check_results": null
}
